
Microsoft Visual Studio Solution File, Format Version 12.00
# Visual Studio Version 17
VisualStudioVersion = 17.14.36518.9 d17.14
MinimumVisualStudioVersion = 10.0.40219.1
Project("{FAE04EC0-301F-11D3-BF4B-00C04F79EFBC}") = "CursoUdemyWebAPI", "CursoUdemyWebAPI\CursoUdemyWebAPI.csproj", "{20DFD49F-C9F2-4E68-A13F-C01AA4F56163}"
EndProject
Global
	GlobalSection(SolutionConfigurationPlatforms) = preSolution
		Debug|Any CPU = Debug|Any CPU
		Release|Any CPU = Release|Any CPU
	EndGlobalSection
	GlobalSection(ProjectConfigurationPlatforms) = postSolution
		{20DFD49F-C9F2-4E68-A13F-C01AA4F56163}.Debug|Any CPU.ActiveCfg = Debug|Any CPU
		{20DFD49F-C9F2-4E68-A13F-C01AA4F56163}.Debug|Any CPU.Build.0 = Debug|Any CPU
		{20DFD49F-C9F2-4E68-A13F-C01AA4F56163}.Release|Any CPU.ActiveCfg = Release|Any CPU
		{20DFD49F-C9F2-4E68-A13F-C01AA4F56163}.Release|Any CPU.Build.0 = Release|Any CPU
	EndGlobalSection
	GlobalSection(SolutionProperties) = preSolution
		HideSolutionNode = FALSE
	EndGlobalSection
	GlobalSection(ExtensibilityGlobals) = postSolution
		SolutionGuid = {8F3DDE8B-912D-4D94-A5DC-7F50E02A1281}
	EndGlobalSection
EndGlobal
